// !$*UTF8*$!
{
	archiveVersion = 1;
	classes = {
	};
	objectVersion = 48;
	objects = {

/* Begin PBXBuildFile section */
		5C0A2CB9206C15B700A4B6BC /* ProductDetailsViewController.swift in Sources */ = {isa = PBXBuildFile; fileRef = 5C0A2CB8206C15B700A4B6BC /* ProductDetailsViewController.swift */; };
		5C0A2CBE206C20EF00A4B6BC /* InstantiatableFromStoryboard.swift in Sources */ = {isa = PBXBuildFile; fileRef = 5C0A2CBD206C20EF00A4B6BC /* InstantiatableFromStoryboard.swift */; };
		5C0A2CC1206C221900A4B6BC /* UIStoryboard+ARG.swift in Sources */ = {isa = PBXBuildFile; fileRef = 5C0A2CC0206C221900A4B6BC /* UIStoryboard+ARG.swift */; };
		5C0A2CC5206F898C00A4B6BC /* ProductDetailsTableViewCell.swift in Sources */ = {isa = PBXBuildFile; fileRef = 5C0A2CC4206F898C00A4B6BC /* ProductDetailsTableViewCell.swift */; };
		5C0A2CC8206FAA3B00A4B6BC /* ProductBuyTableViewCell.swift in Sources */ = {isa = PBXBuildFile; fileRef = 5C0A2CC7206FAA3B00A4B6BC /* ProductBuyTableViewCell.swift */; };
		5C88128C20697B4E00520200 /* products.json in Resources */ = {isa = PBXBuildFile; fileRef = 5C88128B20697B4E00520200 /* products.json */; };
		F287FD262068E514008AF3F0 /* AppDelegate.swift in Sources */ = {isa = PBXBuildFile; fileRef = F287FD252068E514008AF3F0 /* AppDelegate.swift */; };
		F287FD282068E514008AF3F0 /* ProductsListViewController.swift in Sources */ = {isa = PBXBuildFile; fileRef = F287FD272068E514008AF3F0 /* ProductsListViewController.swift */; };
		F287FD2B2068E514008AF3F0 /* Main.storyboard in Resources */ = {isa = PBXBuildFile; fileRef = F287FD292068E514008AF3F0 /* Main.storyboard */; };
		F287FD2D2068E514008AF3F0 /* Assets.xcassets in Resources */ = {isa = PBXBuildFile; fileRef = F287FD2C2068E514008AF3F0 /* Assets.xcassets */; };
		F287FD302068E514008AF3F0 /* LaunchScreen.storyboard in Resources */ = {isa = PBXBuildFile; fileRef = F287FD2E2068E514008AF3F0 /* LaunchScreen.storyboard */; };
		F287FD462068EB53008AF3F0 /* ProductCollectionViewCell.xib in Resources */ = {isa = PBXBuildFile; fileRef = F287FD452068EB53008AF3F0 /* ProductCollectionViewCell.xib */; };
		F287FD482068EB71008AF3F0 /* ProductCollectionViewCell.swift in Sources */ = {isa = PBXBuildFile; fileRef = F287FD472068EB71008AF3F0 /* ProductCollectionViewCell.swift */; };
		F287FD4A2068ED62008AF3F0 /* Product.swift in Sources */ = {isa = PBXBuildFile; fileRef = F287FD492068ED62008AF3F0 /* Product.swift */; };
/* End PBXBuildFile section */

/* Begin PBXFileReference section */
		5C0A2CB8206C15B700A4B6BC /* ProductDetailsViewController.swift */ = {isa = PBXFileReference; lastKnownFileType = sourcecode.swift; path = ProductDetailsViewController.swift; sourceTree = "<group>"; };
		5C0A2CBD206C20EF00A4B6BC /* InstantiatableFromStoryboard.swift */ = {isa = PBXFileReference; lastKnownFileType = sourcecode.swift; path = InstantiatableFromStoryboard.swift; sourceTree = "<group>"; };
		5C0A2CC0206C221900A4B6BC /* UIStoryboard+ARG.swift */ = {isa = PBXFileReference; lastKnownFileType = sourcecode.swift; path = "UIStoryboard+ARG.swift"; sourceTree = "<group>"; };
		5C0A2CC4206F898C00A4B6BC /* ProductDetailsTableViewCell.swift */ = {isa = PBXFileReference; lastKnownFileType = sourcecode.swift; path = ProductDetailsTableViewCell.swift; sourceTree = "<group>"; };
		5C0A2CC7206FAA3B00A4B6BC /* ProductBuyTableViewCell.swift */ = {isa = PBXFileReference; lastKnownFileType = sourcecode.swift; path = ProductBuyTableViewCell.swift; sourceTree = "<group>"; };
		5C88128B20697B4E00520200 /* products.json */ = {isa = PBXFileReference; fileEncoding = 4; lastKnownFileType = text.json; path = products.json; sourceTree = "<group>"; };
		F287FD222068E514008AF3F0 /* ARKitGoods.app */ = {isa = PBXFileReference; explicitFileType = wrapper.application; includeInIndex = 0; path = ARKitGoods.app; sourceTree = BUILT_PRODUCTS_DIR; };
		F287FD252068E514008AF3F0 /* AppDelegate.swift */ = {isa = PBXFileReference; lastKnownFileType = sourcecode.swift; path = AppDelegate.swift; sourceTree = "<group>"; };
		F287FD272068E514008AF3F0 /* ProductsListViewController.swift */ = {isa = PBXFileReference; lastKnownFileType = sourcecode.swift; path = ProductsListViewController.swift; sourceTree = "<group>"; };
		F287FD2A2068E514008AF3F0 /* Base */ = {isa = PBXFileReference; lastKnownFileType = file.storyboard; name = Base; path = Base.lproj/Main.storyboard; sourceTree = "<group>"; };
		F287FD2C2068E514008AF3F0 /* Assets.xcassets */ = {isa = PBXFileReference; lastKnownFileType = folder.assetcatalog; path = Assets.xcassets; sourceTree = "<group>"; };
		F287FD2F2068E514008AF3F0 /* Base */ = {isa = PBXFileReference; lastKnownFileType = file.storyboard; name = Base; path = Base.lproj/LaunchScreen.storyboard; sourceTree = "<group>"; };
		F287FD312068E514008AF3F0 /* Info.plist */ = {isa = PBXFileReference; lastKnownFileType = text.plist.xml; path = Info.plist; sourceTree = "<group>"; };
		F287FD452068EB53008AF3F0 /* ProductCollectionViewCell.xib */ = {isa = PBXFileReference; fileEncoding = 4; lastKnownFileType = file.xib; path = ProductCollectionViewCell.xib; sourceTree = "<group>"; };
		F287FD472068EB71008AF3F0 /* ProductCollectionViewCell.swift */ = {isa = PBXFileReference; lastKnownFileType = sourcecode.swift; path = ProductCollectionViewCell.swift; sourceTree = "<group>"; };
		F287FD492068ED62008AF3F0 /* Product.swift */ = {isa = PBXFileReference; lastKnownFileType = sourcecode.swift; path = Product.swift; sourceTree = "<group>"; };
/* End PBXFileReference section */

/* Begin PBXFrameworksBuildPhase section */
		F287FD1F2068E514008AF3F0 /* Frameworks */ = {
			isa = PBXFrameworksBuildPhase;
			buildActionMask = 2147483647;
			files = (
			);
			runOnlyForDeploymentPostprocessing = 0;
		};
/* End PBXFrameworksBuildPhase section */

/* Begin PBXGroup section */
		5C0A2CBA206C20AA00A4B6BC /* Core */ = {
			isa = PBXGroup;
			children = (
				5C0A2CBB206C20AA00A4B6BC /* AppDelegate */,
				5C0A2CBC206C20AA00A4B6BC /* Protocols */,
				5C0A2CBF206C218E00A4B6BC /* Extensions */,
			);
			path = Core;
			sourceTree = "<group>";
		};
		5C0A2CBB206C20AA00A4B6BC /* AppDelegate */ = {
			isa = PBXGroup;
			children = (
				F287FD252068E514008AF3F0 /* AppDelegate.swift */,
			);
			path = AppDelegate;
			sourceTree = "<group>";
		};
		5C0A2CBC206C20AA00A4B6BC /* Protocols */ = {
			isa = PBXGroup;
			children = (
				5C0A2CBD206C20EF00A4B6BC /* InstantiatableFromStoryboard.swift */,
			);
			path = Protocols;
			sourceTree = "<group>";
		};
		5C0A2CBF206C218E00A4B6BC /* Extensions */ = {
			isa = PBXGroup;
			children = (
				5C0A2CC0206C221900A4B6BC /* UIStoryboard+ARG.swift */,
			);
			path = Extensions;
			sourceTree = "<group>";
		};
		5C0A2CC2206F893F00A4B6BC /* ProductCollectionViewCell */ = {
			isa = PBXGroup;
			children = (
				F287FD472068EB71008AF3F0 /* ProductCollectionViewCell.swift */,
				F287FD452068EB53008AF3F0 /* ProductCollectionViewCell.xib */,
			);
			path = ProductCollectionViewCell;
			sourceTree = "<group>";
		};
		5C0A2CC6206FA9FB00A4B6BC /* ProdunctDetails */ = {
			isa = PBXGroup;
			children = (
				5C0A2CC4206F898C00A4B6BC /* ProductDetailsTableViewCell.swift */,
				5C0A2CC7206FAA3B00A4B6BC /* ProductBuyTableViewCell.swift */,
			);
			path = ProdunctDetails;
			sourceTree = "<group>";
		};
		5C88128A20697B4E00520200 /* Resources */ = {
			isa = PBXGroup;
			children = (
				5C88128B20697B4E00520200 /* products.json */,
			);
			path = Resources;
			sourceTree = "<group>";
		};
		F287FD192068E513008AF3F0 = {
			isa = PBXGroup;
			children = (
				F287FD242068E514008AF3F0 /* ARKitGoods */,
				F287FD232068E514008AF3F0 /* Products */,
			);
			sourceTree = "<group>";
		};
		F287FD232068E514008AF3F0 /* Products */ = {
			isa = PBXGroup;
			children = (
				F287FD222068E514008AF3F0 /* ARKitGoods.app */,
			);
			name = Products;
			sourceTree = "<group>";
		};
		F287FD242068E514008AF3F0 /* ARKitGoods */ = {
			isa = PBXGroup;
			children = (
				5C0A2CBA206C20AA00A4B6BC /* Core */,
				F287FD402068EAA0008AF3F0 /* MVC */,
				5C88128A20697B4E00520200 /* Resources */,
				F287FD292068E514008AF3F0 /* Main.storyboard */,
				F287FD2C2068E514008AF3F0 /* Assets.xcassets */,
				F287FD2E2068E514008AF3F0 /* LaunchScreen.storyboard */,
				F287FD312068E514008AF3F0 /* Info.plist */,
			);
			path = ARKitGoods;
			sourceTree = "<group>";
		};
		F287FD402068EAA0008AF3F0 /* MVC */ = {
			isa = PBXGroup;
			children = (
				F287FD422068EAA0008AF3F0 /* Controllers */,
				F287FD412068EAA0008AF3F0 /* Models */,
				F287FD432068EAA0008AF3F0 /* Views */,
			);
			path = MVC;
			sourceTree = "<group>";
		};
		F287FD412068EAA0008AF3F0 /* Models */ = {
			isa = PBXGroup;
			children = (
				F287FD492068ED62008AF3F0 /* Product.swift */,
			);
			path = Models;
			sourceTree = "<group>";
		};
		F287FD422068EAA0008AF3F0 /* Controllers */ = {
			isa = PBXGroup;
			children = (
				F287FD272068E514008AF3F0 /* ProductsListViewController.swift */,
				5C0A2CB8206C15B700A4B6BC /* ProductDetailsViewController.swift */,
			);
			path = Controllers;
			sourceTree = "<group>";
		};
		F287FD432068EAA0008AF3F0 /* Views */ = {
			isa = PBXGroup;
			children = (
				F287FD442068EB53008AF3F0 /* Cells */,
			);
			path = Views;
			sourceTree = "<group>";
		};
		F287FD442068EB53008AF3F0 /* Cells */ = {
			isa = PBXGroup;
			children = (
				5C0A2CC6206FA9FB00A4B6BC /* ProdunctDetails */,
				5C0A2CC2206F893F00A4B6BC /* ProductCollectionViewCell */,
			);
			path = Cells;
			sourceTree = "<group>";
		};
/* End PBXGroup section */

/* Begin PBXNativeTarget section */
		F287FD212068E514008AF3F0 /* ARKitGoods */ = {
			isa = PBXNativeTarget;
			buildConfigurationList = F287FD342068E514008AF3F0 /* Build configuration list for PBXNativeTarget "ARKitGoods" */;
			buildPhases = (
				F287FD1E2068E514008AF3F0 /* Sources */,
				F287FD1F2068E514008AF3F0 /* Frameworks */,
				F287FD202068E514008AF3F0 /* Resources */,
			);
			buildRules = (
			);
			dependencies = (
			);
			name = ARKitGoods;
			productName = ARKitGoods;
			productReference = F287FD222068E514008AF3F0 /* ARKitGoods.app */;
			productType = "com.apple.product-type.application";
		};
/* End PBXNativeTarget section */

/* Begin PBXProject section */
		F287FD1A2068E513008AF3F0 /* Project object */ = {
			isa = PBXProject;
			attributes = {
				LastSwiftUpdateCheck = 0920;
				LastUpgradeCheck = 0920;
				ORGANIZATIONNAME = "Dzionis Brek";
				TargetAttributes = {
					F287FD212068E514008AF3F0 = {
						CreatedOnToolsVersion = 9.2;
						ProvisioningStyle = Automatic;
					};
				};
			};
			buildConfigurationList = F287FD1D2068E513008AF3F0 /* Build configuration list for PBXProject "ARKitGoods" */;
			compatibilityVersion = "Xcode 8.0";
			developmentRegion = en;
			hasScannedForEncodings = 0;
			knownRegions = (
				en,
				Base,
			);
			mainGroup = F287FD192068E513008AF3F0;
			productRefGroup = F287FD232068E514008AF3F0 /* Products */;
			projectDirPath = "";
			projectRoot = "";
			targets = (
				F287FD212068E514008AF3F0 /* ARKitGoods */,
			);
		};
/* End PBXProject section */

/* Begin PBXResourcesBuildPhase section */
		F287FD202068E514008AF3F0 /* Resources */ = {
			isa = PBXResourcesBuildPhase;
			buildActionMask = 2147483647;
			files = (
				5C88128C20697B4E00520200 /* products.json in Resources */,
				F287FD302068E514008AF3F0 /* LaunchScreen.storyboard in Resources */,
				F287FD2D2068E514008AF3F0 /* Assets.xcassets in Resources */,
				F287FD2B2068E514008AF3F0 /* Main.storyboard in Resources */,
				F287FD462068EB53008AF3F0 /* ProductCollectionViewCell.xib in Resources */,
			);
			runOnlyForDeploymentPostprocessing = 0;
		};
/* End PBXResourcesBuildPhase section */

/* Begin PBXSourcesBuildPhase section */
		F287FD1E2068E514008AF3F0 /* Sources */ = {
			isa = PBXSourcesBuildPhase;
			buildActionMask = 2147483647;
			files = (
				5C0A2CC1206C221900A4B6BC /* UIStoryboard+ARG.swift in Sources */,
				F287FD482068EB71008AF3F0 /* ProductCollectionViewCell.swift in Sources */,
				5C0A2CC5206F898C00A4B6BC /* ProductDetailsTableViewCell.swift in Sources */,
				F287FD4A2068ED62008AF3F0 /* Product.swift in Sources */,
				F287FD282068E514008AF3F0 /* ProductsListViewController.swift in Sources */,
				5C0A2CB9206C15B700A4B6BC /* ProductDetailsViewController.swift in Sources */,
				F287FD262068E514008AF3F0 /* AppDelegate.swift in Sources */,
				5C0A2CBE206C20EF00A4B6BC /* InstantiatableFromStoryboard.swift in Sources */,
				5C0A2CC8206FAA3B00A4B6BC /* ProductBuyTableViewCell.swift in Sources */,
			);
			runOnlyForDeploymentPostprocessing = 0;
		};
/* End PBXSourcesBuildPhase section */

/* Begin PBXVariantGroup section */
		F287FD292068E514008AF3F0 /* Main.storyboard */ = {
			isa = PBXVariantGroup;
			children = (
				F287FD2A2068E514008AF3F0 /* Base */,
			);
			name = Main.storyboard;
			sourceTree = "<group>";
		};
		F287FD2E2068E514008AF3F0 /* LaunchScreen.storyboard */ = {
			isa = PBXVariantGroup;
			children = (
				F287FD2F2068E514008AF3F0 /* Base */,
			);
			name = LaunchScreen.storyboard;
			sourceTree = "<group>";
		};
/* End PBXVariantGroup section */

/* Begin XCBuildConfiguration section */
		F287FD322068E514008AF3F0 /* Debug */ = {
			isa = XCBuildConfiguration;
			buildSettings = {
				ALWAYS_SEARCH_USER_PATHS = NO;
				CLANG_ANALYZER_NONNULL = YES;
				CLANG_ANALYZER_NUMBER_OBJECT_CONVERSION = YES_AGGRESSIVE;
				CLANG_CXX_LANGUAGE_STANDARD = "gnu++14";
				CLANG_CXX_LIBRARY = "libc++";
				CLANG_ENABLE_MODULES = YES;
				CLANG_ENABLE_OBJC_ARC = YES;
				CLANG_WARN_BLOCK_CAPTURE_AUTORELEASING = YES;
				CLANG_WARN_BOOL_CONVERSION = YES;
				CLANG_WARN_COMMA = YES;
				CLANG_WARN_CONSTANT_CONVERSION = YES;
				CLANG_WARN_DIRECT_OBJC_ISA_USAGE = YES_ERROR;
				CLANG_WARN_DOCUMENTATION_COMMENTS = YES;
				CLANG_WARN_EMPTY_BODY = YES;
				CLANG_WARN_ENUM_CONVERSION = YES;
				CLANG_WARN_INFINITE_RECURSION = YES;
				CLANG_WARN_INT_CONVERSION = YES;
				CLANG_WARN_NON_LITERAL_NULL_CONVERSION = YES;
				CLANG_WARN_OBJC_LITERAL_CONVERSION = YES;
				CLANG_WARN_OBJC_ROOT_CLASS = YES_ERROR;
				CLANG_WARN_RANGE_LOOP_ANALYSIS = YES;
				CLANG_WARN_STRICT_PROTOTYPES = YES;
				CLANG_WARN_SUSPICIOUS_MOVE = YES;
				CLANG_WARN_UNGUARDED_AVAILABILITY = YES_AGGRESSIVE;
				CLANG_WARN_UNREACHABLE_CODE = YES;
				CLANG_WARN__DUPLICATE_METHOD_MATCH = YES;
				CODE_SIGN_IDENTITY = "iPhone Developer";
				COPY_PHASE_STRIP = NO;
				DEBUG_INFORMATION_FORMAT = dwarf;
				ENABLE_STRICT_OBJC_MSGSEND = YES;
				ENABLE_TESTABILITY = YES;
				GCC_C_LANGUAGE_STANDARD = gnu11;
				GCC_DYNAMIC_NO_PIC = NO;
				GCC_NO_COMMON_BLOCKS = YES;
				GCC_OPTIMIZATION_LEVEL = 0;
				GCC_PREPROCESSOR_DEFINITIONS = (
					"DEBUG=1",
					"$(inherited)",
				);
				GCC_WARN_64_TO_32_BIT_CONVERSION = YES;
				GCC_WARN_ABOUT_RETURN_TYPE = YES_ERROR;
				GCC_WARN_UNDECLARED_SELECTOR = YES;
				GCC_WARN_UNINITIALIZED_AUTOS = YES_AGGRESSIVE;
				GCC_WARN_UNUSED_FUNCTION = YES;
				GCC_WARN_UNUSED_VARIABLE = YES;
				IPHONEOS_DEPLOYMENT_TARGET = 11.2;
				MTL_ENABLE_DEBUG_INFO = YES;
				ONLY_ACTIVE_ARCH = YES;
				SDKROOT = iphoneos;
				SWIFT_ACTIVE_COMPILATION_CONDITIONS = DEBUG;
				SWIFT_OPTIMIZATION_LEVEL = "-Onone";
			};
			name = Debug;
		};
		F287FD332068E514008AF3F0 /* Release */ = {
			isa = XCBuildConfiguration;
			buildSettings = {
				ALWAYS_SEARCH_USER_PATHS = NO;
				CLANG_ANALYZER_NONNULL = YES;
				CLANG_ANALYZER_NUMBER_OBJECT_CONVERSION = YES_AGGRESSIVE;
				CLANG_CXX_LANGUAGE_STANDARD = "gnu++14";
				CLANG_CXX_LIBRARY = "libc++";
				CLANG_ENABLE_MODULES = YES;
				CLANG_ENABLE_OBJC_ARC = YES;
				CLANG_WARN_BLOCK_CAPTURE_AUTORELEASING = YES;
				CLANG_WARN_BOOL_CONVERSION = YES;
				CLANG_WARN_COMMA = YES;
				CLANG_WARN_CONSTANT_CONVERSION = YES;
				CLANG_WARN_DIRECT_OBJC_ISA_USAGE = YES_ERROR;
				CLANG_WARN_DOCUMENTATION_COMMENTS = YES;
				CLANG_WARN_EMPTY_BODY = YES;
				CLANG_WARN_ENUM_CONVERSION = YES;
				CLANG_WARN_INFINITE_RECURSION = YES;
				CLANG_WARN_INT_CONVERSION = YES;
				CLANG_WARN_NON_LITERAL_NULL_CONVERSION = YES;
				CLANG_WARN_OBJC_LITERAL_CONVERSION = YES;
				CLANG_WARN_OBJC_ROOT_CLASS = YES_ERROR;
				CLANG_WARN_RANGE_LOOP_ANALYSIS = YES;
				CLANG_WARN_STRICT_PROTOTYPES = YES;
				CLANG_WARN_SUSPICIOUS_MOVE = YES;
				CLANG_WARN_UNGUARDED_AVAILABILITY = YES_AGGRESSIVE;
				CLANG_WARN_UNREACHABLE_CODE = YES;
				CLANG_WARN__DUPLICATE_METHOD_MATCH = YES;
				CODE_SIGN_IDENTITY = "iPhone Developer";
				COPY_PHASE_STRIP = NO;
				DEBUG_INFORMATION_FORMAT = "dwarf-with-dsym";
				ENABLE_NS_ASSERTIONS = NO;
				ENABLE_STRICT_OBJC_MSGSEND = YES;
				GCC_C_LANGUAGE_STANDARD = gnu11;
				GCC_NO_COMMON_BLOCKS = YES;
				GCC_WARN_64_TO_32_BIT_CONVERSION = YES;
				GCC_WARN_ABOUT_RETURN_TYPE = YES_ERROR;
				GCC_WARN_UNDECLARED_SELECTOR = YES;
				GCC_WARN_UNINITIALIZED_AUTOS = YES_AGGRESSIVE;
				GCC_WARN_UNUSED_FUNCTION = YES;
				GCC_WARN_UNUSED_VARIABLE = YES;
				IPHONEOS_DEPLOYMENT_TARGET = 11.2;
				MTL_ENABLE_DEBUG_INFO = NO;
				SDKROOT = iphoneos;
				SWIFT_OPTIMIZATION_LEVEL = "-Owholemodule";
				VALIDATE_PRODUCT = YES;
			};
			name = Release;
		};
		F287FD352068E514008AF3F0 /* Debug */ = {
			isa = XCBuildConfiguration;
			buildSettings = {
				ASSETCATALOG_COMPILER_APPICON_NAME = AppIcon;
				CODE_SIGN_STYLE = Automatic;
				DEVELOPMENT_TEAM = 3DHMS7T33W;
				INFOPLIST_FILE = ARKitGoods/Info.plist;
				LD_RUNPATH_SEARCH_PATHS = "$(inherited) @executable_path/Frameworks";
				PRODUCT_BUNDLE_IDENTIFIER = com.dzionis.ARKitGoods;
				PRODUCT_NAME = "$(TARGET_NAME)";
				SWIFT_VERSION = 4.0;
				TARGETED_DEVICE_FAMILY = "1,2";
			};
			name = Debug;
		};
		F287FD362068E514008AF3F0 /* Release */ = {
			isa = XCBuildConfiguration;
			buildSettings = {
				ASSETCATALOG_COMPILER_APPICON_NAME = AppIcon;
				CODE_SIGN_STYLE = Automatic;
				DEVELOPMENT_TEAM = 3DHMS7T33W;
				INFOPLIST_FILE = ARKitGoods/Info.plist;
				LD_RUNPATH_SEARCH_PATHS = "$(inherited) @executable_path/Frameworks";
				PRODUCT_BUNDLE_IDENTIFIER = com.dzionis.ARKitGoods;
				PRODUCT_NAME = "$(TARGET_NAME)";
				SWIFT_VERSION = 4.0;
				TARGETED_DEVICE_FAMILY = "1,2";
			};
			name = Release;
		};
/* End XCBuildConfiguration section */

/* Begin XCConfigurationList section */
		F287FD1D2068E513008AF3F0 /* Build configuration list for PBXProject "ARKitGoods" */ = {
			isa = XCConfigurationList;
			buildConfigurations = (
				F287FD322068E514008AF3F0 /* Debug */,
				F287FD332068E514008AF3F0 /* Release */,
			);
			defaultConfigurationIsVisible = 0;
			defaultConfigurationName = Release;
		};
		F287FD342068E514008AF3F0 /* Build configuration list for PBXNativeTarget "ARKitGoods" */ = {
			isa = XCConfigurationList;
			buildConfigurations = (
				F287FD352068E514008AF3F0 /* Debug */,
				F287FD362068E514008AF3F0 /* Release */,
			);
			defaultConfigurationIsVisible = 0;
			defaultConfigurationName = Release;
		};
/* End XCConfigurationList section */
	};
	rootObject = F287FD1A2068E513008AF3F0 /* Project object */;
}
